
Microsoft Visual Studio Solution File, Format Version 12.00
# Visual Studio 15
VisualStudioVersion = 15.0.28010.2016
MinimumVisualStudioVersion = 10.0.40219.1
Project("{FAE04EC0-301F-11D3-BF4B-00C04F79EFBC}") = "E2", "E2\E2.csproj", "{A7D3FB5B-1560-4AE1-AA99-B7E0ED61FA71}"
EndProject
Project("{FAE04EC0-301F-11D3-BF4B-00C04F79EFBC}") = "E2Tests", "E2Tests\E2Tests.csproj", "{3A3192D0-639B-4B72-9FCA-5EB9AF1FD126}"
EndProject
Global
	GlobalSection(SolutionConfigurationPlatforms) = preSolution
		Debug|Any CPU = Debug|Any CPU
		Release|Any CPU = Release|Any CPU
	EndGlobalSection
	GlobalSection(ProjectConfigurationPlatforms) = postSolution
		{A7D3FB5B-1560-4AE1-AA99-B7E0ED61FA71}.Debug|Any CPU.ActiveCfg = Debug|Any CPU
		{A7D3FB5B-1560-4AE1-AA99-B7E0ED61FA71}.Debug|Any CPU.Build.0 = Debug|Any CPU
		{A7D3FB5B-1560-4AE1-AA99-B7E0ED61FA71}.Release|Any CPU.ActiveCfg = Release|Any CPU
		{A7D3FB5B-1560-4AE1-AA99-B7E0ED61FA71}.Release|Any CPU.Build.0 = Release|Any CPU
		{3A3192D0-639B-4B72-9FCA-5EB9AF1FD126}.Debug|Any CPU.ActiveCfg = Debug|Any CPU
		{3A3192D0-639B-4B72-9FCA-5EB9AF1FD126}.Debug|Any CPU.Build.0 = Debug|Any CPU
		{3A3192D0-639B-4B72-9FCA-5EB9AF1FD126}.Release|Any CPU.ActiveCfg = Release|Any CPU
		{3A3192D0-639B-4B72-9FCA-5EB9AF1FD126}.Release|Any CPU.Build.0 = Release|Any CPU
	EndGlobalSection
	GlobalSection(SolutionProperties) = preSolution
		HideSolutionNode = FALSE
	EndGlobalSection
	GlobalSection(ExtensibilityGlobals) = postSolution
		SolutionGuid = {E55D7893-1BBC-41F1-976A-EB7CF4BA510F}
	EndGlobalSection
EndGlobal
