
Microsoft Visual Studio Solution File, Format Version 12.00
# Visual Studio 15
VisualStudioVersion = 15.0.28010.2016
MinimumVisualStudioVersion = 10.0.40219.1
Project("{FAE04EC0-301F-11D3-BF4B-00C04F79EFBC}") = "A1", "A1\A1.csproj", "{87FF7740-92B6-49D3-8FA7-A8C641BE5FCF}"
EndProject
Project("{FAE04EC0-301F-11D3-BF4B-00C04F79EFBC}") = "A1Tests", "A1Tests\A1Tests.csproj", "{097052A8-315D-4AB9-98E9-975236C54005}"
EndProject
Project("{FAE04EC0-301F-11D3-BF4B-00C04F79EFBC}") = "TestCommon", "..\Common\TestCommon\TestCommon.csproj", "{C39FF0C4-6960-42AD-8E2C-D2CAFE850A52}"
EndProject
Global
	GlobalSection(SolutionConfigurationPlatforms) = preSolution
		Debug|Any CPU = Debug|Any CPU
		Release|Any CPU = Release|Any CPU
	EndGlobalSection
	GlobalSection(ProjectConfigurationPlatforms) = postSolution
		{87FF7740-92B6-49D3-8FA7-A8C641BE5FCF}.Debug|Any CPU.ActiveCfg = Debug|Any CPU
		{87FF7740-92B6-49D3-8FA7-A8C641BE5FCF}.Debug|Any CPU.Build.0 = Debug|Any CPU
		{87FF7740-92B6-49D3-8FA7-A8C641BE5FCF}.Release|Any CPU.ActiveCfg = Release|Any CPU
		{87FF7740-92B6-49D3-8FA7-A8C641BE5FCF}.Release|Any CPU.Build.0 = Release|Any CPU
		{097052A8-315D-4AB9-98E9-975236C54005}.Debug|Any CPU.ActiveCfg = Debug|Any CPU
		{097052A8-315D-4AB9-98E9-975236C54005}.Debug|Any CPU.Build.0 = Debug|Any CPU
		{097052A8-315D-4AB9-98E9-975236C54005}.Release|Any CPU.ActiveCfg = Release|Any CPU
		{097052A8-315D-4AB9-98E9-975236C54005}.Release|Any CPU.Build.0 = Release|Any CPU
		{C39FF0C4-6960-42AD-8E2C-D2CAFE850A52}.Debug|Any CPU.ActiveCfg = Debug|Any CPU
		{C39FF0C4-6960-42AD-8E2C-D2CAFE850A52}.Debug|Any CPU.Build.0 = Debug|Any CPU
		{C39FF0C4-6960-42AD-8E2C-D2CAFE850A52}.Release|Any CPU.ActiveCfg = Release|Any CPU
		{C39FF0C4-6960-42AD-8E2C-D2CAFE850A52}.Release|Any CPU.Build.0 = Release|Any CPU
	EndGlobalSection
	GlobalSection(SolutionProperties) = preSolution
		HideSolutionNode = FALSE
	EndGlobalSection
	GlobalSection(ExtensibilityGlobals) = postSolution
		SolutionGuid = {12B841D3-8A85-4A18-A5B0-21BCDFEE06EA}
	EndGlobalSection
EndGlobal
