
Microsoft Visual Studio Solution File, Format Version 12.00
# Visual Studio 15
VisualStudioVersion = 15.0.28010.2016
MinimumVisualStudioVersion = 10.0.40219.1
Project("{FAE04EC0-301F-11D3-BF4B-00C04F79EFBC}") = "A8", "A8\A8.csproj", "{A5162065-9CA7-4A40-8941-C4FE26AC2A39}"
EndProject
Project("{FAE04EC0-301F-11D3-BF4B-00C04F79EFBC}") = "A8Tests", "A8Tests\A8Tests.csproj", "{7737614D-6DC6-464D-8DE4-8B7A6E7A7DD6}"
EndProject
Project("{FAE04EC0-301F-11D3-BF4B-00C04F79EFBC}") = "TestCommon", "..\Common\TestCommon\TestCommon.csproj", "{C39FF0C4-6960-42AD-8E2C-D2CAFE850A52}"
EndProject
Global
	GlobalSection(SolutionConfigurationPlatforms) = preSolution
		Debug|Any CPU = Debug|Any CPU
		Release|Any CPU = Release|Any CPU
	EndGlobalSection
	GlobalSection(ProjectConfigurationPlatforms) = postSolution
		{A5162065-9CA7-4A40-8941-C4FE26AC2A39}.Debug|Any CPU.ActiveCfg = Debug|Any CPU
		{A5162065-9CA7-4A40-8941-C4FE26AC2A39}.Debug|Any CPU.Build.0 = Debug|Any CPU
		{A5162065-9CA7-4A40-8941-C4FE26AC2A39}.Release|Any CPU.ActiveCfg = Release|Any CPU
		{A5162065-9CA7-4A40-8941-C4FE26AC2A39}.Release|Any CPU.Build.0 = Release|Any CPU
		{7737614D-6DC6-464D-8DE4-8B7A6E7A7DD6}.Debug|Any CPU.ActiveCfg = Debug|Any CPU
		{7737614D-6DC6-464D-8DE4-8B7A6E7A7DD6}.Debug|Any CPU.Build.0 = Debug|Any CPU
		{7737614D-6DC6-464D-8DE4-8B7A6E7A7DD6}.Release|Any CPU.ActiveCfg = Release|Any CPU
		{7737614D-6DC6-464D-8DE4-8B7A6E7A7DD6}.Release|Any CPU.Build.0 = Release|Any CPU
		{C39FF0C4-6960-42AD-8E2C-D2CAFE850A52}.Debug|Any CPU.ActiveCfg = Debug|Any CPU
		{C39FF0C4-6960-42AD-8E2C-D2CAFE850A52}.Debug|Any CPU.Build.0 = Debug|Any CPU
		{C39FF0C4-6960-42AD-8E2C-D2CAFE850A52}.Release|Any CPU.ActiveCfg = Release|Any CPU
		{C39FF0C4-6960-42AD-8E2C-D2CAFE850A52}.Release|Any CPU.Build.0 = Release|Any CPU
	EndGlobalSection
	GlobalSection(SolutionProperties) = preSolution
		HideSolutionNode = FALSE
	EndGlobalSection
	GlobalSection(ExtensibilityGlobals) = postSolution
		SolutionGuid = {CCF10A3D-1225-4D73-BAB5-A75781A71776}
	EndGlobalSection
EndGlobal
